
Microsoft Visual Studio Solution File, Format Version 12.00
# Visual Studio Version 18
VisualStudioVersion = 18.1.11312.151 d18.0
MinimumVisualStudioVersion = 10.0.40219.1
Project("{2150E333-8FDC-42A3-9474-1A3956D46DE8}") = "src", "src", "{37238565-3575-4E5A-9B1E-9F008AEABCB1}"
EndProject
Project("{FAE04EC0-301F-11D3-BF4B-00C04F79EFBC}") = "Device.Api", "src\Device.Api\Device.Api.csproj", "{3F60AB85-5696-46D7-B265-5C5BD6E74E74}"
EndProject
Project("{FAE04EC0-301F-11D3-BF4B-00C04F79EFBC}") = "Device.Application", "src\Device.Application\Device.Application.csproj", "{9500453E-B725-4C75-84CC-2DDD89D008E6}"
EndProject
Project("{FAE04EC0-301F-11D3-BF4B-00C04F79EFBC}") = "Device.Domain", "src\Device.Domain\Device.Domain.csproj", "{ED279A0C-3D63-472A-8DB8-DBA551207534}"
EndProject
Project("{FAE04EC0-301F-11D3-BF4B-00C04F79EFBC}") = "Device.Infrastructure", "src\Device.Infrastructure\Device.Infrastructure.csproj", "{C9F64439-1F01-4D0A-B2D0-2000FC5604D2}"
EndProject
Project("{2150E333-8FDC-42A3-9474-1A3956D46DE8}") = "tests", "tests", "{E9FE88EE-50B2-488D-B4D1-082B3BCAF1FD}"
EndProject
Project("{FAE04EC0-301F-11D3-BF4B-00C04F79EFBC}") = "Device.Domain.Tests", "tests\Device.Domain.Tests\Device.Domain.Tests.csproj", "{9F0CBCED-B1FE-49F8-A120-4F0F7AC216FA}"
EndProject
Project("{FAE04EC0-301F-11D3-BF4B-00C04F79EFBC}") = "Device.Application.Tests", "tests\Device.Application.Tests\Device.Application.Tests.csproj", "{5B876014-9D0E-42B5-B250-04FB5FEA64EB}"
EndProject
Global
	GlobalSection(SolutionConfigurationPlatforms) = preSolution
		Debug|Any CPU = Debug|Any CPU
		Release|Any CPU = Release|Any CPU
	EndGlobalSection
	GlobalSection(ProjectConfigurationPlatforms) = postSolution
		{3F60AB85-5696-46D7-B265-5C5BD6E74E74}.Debug|Any CPU.ActiveCfg = Debug|Any CPU
		{3F60AB85-5696-46D7-B265-5C5BD6E74E74}.Debug|Any CPU.Build.0 = Debug|Any CPU
		{3F60AB85-5696-46D7-B265-5C5BD6E74E74}.Release|Any CPU.ActiveCfg = Release|Any CPU
		{3F60AB85-5696-46D7-B265-5C5BD6E74E74}.Release|Any CPU.Build.0 = Release|Any CPU
		{9500453E-B725-4C75-84CC-2DDD89D008E6}.Debug|Any CPU.ActiveCfg = Debug|Any CPU
		{9500453E-B725-4C75-84CC-2DDD89D008E6}.Debug|Any CPU.Build.0 = Debug|Any CPU
		{9500453E-B725-4C75-84CC-2DDD89D008E6}.Release|Any CPU.ActiveCfg = Release|Any CPU
		{9500453E-B725-4C75-84CC-2DDD89D008E6}.Release|Any CPU.Build.0 = Release|Any CPU
		{ED279A0C-3D63-472A-8DB8-DBA551207534}.Debug|Any CPU.ActiveCfg = Debug|Any CPU
		{ED279A0C-3D63-472A-8DB8-DBA551207534}.Debug|Any CPU.Build.0 = Debug|Any CPU
		{ED279A0C-3D63-472A-8DB8-DBA551207534}.Release|Any CPU.ActiveCfg = Release|Any CPU
		{ED279A0C-3D63-472A-8DB8-DBA551207534}.Release|Any CPU.Build.0 = Release|Any CPU
		{C9F64439-1F01-4D0A-B2D0-2000FC5604D2}.Debug|Any CPU.ActiveCfg = Debug|Any CPU
		{C9F64439-1F01-4D0A-B2D0-2000FC5604D2}.Debug|Any CPU.Build.0 = Debug|Any CPU
		{C9F64439-1F01-4D0A-B2D0-2000FC5604D2}.Release|Any CPU.ActiveCfg = Release|Any CPU
		{C9F64439-1F01-4D0A-B2D0-2000FC5604D2}.Release|Any CPU.Build.0 = Release|Any CPU
		{9F0CBCED-B1FE-49F8-A120-4F0F7AC216FA}.Debug|Any CPU.ActiveCfg = Debug|Any CPU
		{9F0CBCED-B1FE-49F8-A120-4F0F7AC216FA}.Debug|Any CPU.Build.0 = Debug|Any CPU
		{9F0CBCED-B1FE-49F8-A120-4F0F7AC216FA}.Release|Any CPU.ActiveCfg = Release|Any CPU
		{9F0CBCED-B1FE-49F8-A120-4F0F7AC216FA}.Release|Any CPU.Build.0 = Release|Any CPU
		{5B876014-9D0E-42B5-B250-04FB5FEA64EB}.Debug|Any CPU.ActiveCfg = Debug|Any CPU
		{5B876014-9D0E-42B5-B250-04FB5FEA64EB}.Debug|Any CPU.Build.0 = Debug|Any CPU
		{5B876014-9D0E-42B5-B250-04FB5FEA64EB}.Release|Any CPU.ActiveCfg = Release|Any CPU
		{5B876014-9D0E-42B5-B250-04FB5FEA64EB}.Release|Any CPU.Build.0 = Release|Any CPU
	EndGlobalSection
	GlobalSection(SolutionProperties) = preSolution
		HideSolutionNode = FALSE
	EndGlobalSection
	GlobalSection(NestedProjects) = preSolution
		{3F60AB85-5696-46D7-B265-5C5BD6E74E74} = {37238565-3575-4E5A-9B1E-9F008AEABCB1}
		{9500453E-B725-4C75-84CC-2DDD89D008E6} = {37238565-3575-4E5A-9B1E-9F008AEABCB1}
		{ED279A0C-3D63-472A-8DB8-DBA551207534} = {37238565-3575-4E5A-9B1E-9F008AEABCB1}
		{C9F64439-1F01-4D0A-B2D0-2000FC5604D2} = {37238565-3575-4E5A-9B1E-9F008AEABCB1}
		{9F0CBCED-B1FE-49F8-A120-4F0F7AC216FA} = {E9FE88EE-50B2-488D-B4D1-082B3BCAF1FD}
		{5B876014-9D0E-42B5-B250-04FB5FEA64EB} = {E9FE88EE-50B2-488D-B4D1-082B3BCAF1FD}
	EndGlobalSection
EndGlobal
